<?xml version="1.0" encoding="utf-8"?>
<Project ToolsVersion="4.0" xmlns="http://schemas.microsoft.com/developer/msbuild/2003">
  <ItemGroup>
    <Filter Include="inclued">
      <UniqueIdentifier>{A9AF369E-158F-B539-1EA7-40108A051C9B}</UniqueIdentifier>
    </Filter>
    <Filter Include="inclued\GLFW">
      <UniqueIdentifier>{889C6EB4-74FF-FD58-1D85-360F09C7C9DB}</UniqueIdentifier>
    </Filter>
    <Filter Include="src">
      <UniqueIdentifier>{2DAB880B-99B4-887C-2230-9F7C8E38947C}</UniqueIdentifier>
    </Filter>
  </ItemGroup>
  <ItemGroup>
    <ClInclude Include="inclued\GLFW\glfw3.h">
      <Filter>inclued\GLFW</Filter>
    </ClInclude>
    <ClInclude Include="inclued\GLFW\glfw3native.h">
      <Filter>inclued\GLFW</Filter>
    </ClInclude>
    <ClInclude Include="src\glfw_config.h">
      <Filter>src</Filter>
    </ClInclude>
  </ItemGroup>
  <ItemGroup>
    <ClCompile Include="src\context.c">
      <Filter>src</Filter>
    </ClCompile>
    <ClCompile Include="src\egl_context.c">
      <Filter>src</Filter>
    </ClCompile>
    <ClCompile Include="src\init.c">
      <Filter>src</Filter>
    </ClCompile>
    <ClCompile Include="src\input.c">
      <Filter>src</Filter>
    </ClCompile>
    <ClCompile Include="src\monitor.c">
      <Filter>src</Filter>
    </ClCompile>
    <ClCompile Include="src\osmesa_context.c">
      <Filter>src</Filter>
    </ClCompile>
    <ClCompile Include="src\vulkan.c">
      <Filter>src</Filter>
    </ClCompile>
    <ClCompile Include="src\wgl_context.c">
      <Filter>src</Filter>
    </ClCompile>
    <ClCompile Include="src\win32_init.c">
      <Filter>src</Filter>
    </ClCompile>
    <ClCompile Include="src\win32_joystick.c">
      <Filter>src</Filter>
    </ClCompile>
    <ClCompile Include="src\win32_thread.c">
      <Filter>src</Filter>
    </ClCompile>
    <ClCompile Include="src\win32_time.c">
      <Filter>src</Filter>
    </ClCompile>
    <ClCompile Include="src\win32_window.c">
      <Filter>src</Filter>
    </ClCompile>
    <ClCompile Include="src\window.c">
      <Filter>src</Filter>
    </ClCompile>
  </ItemGroup>
  <ItemGroup>
    <None Include="src\win32_monitor.v">
      <Filter>src</Filter>
    </None>
  </ItemGroup>
</Project>